
Microsoft Visual Studio Solution File, Format Version 12.00
# Visual Studio Version 16
VisualStudioVersion = 16.0.30621.155
MinimumVisualStudioVersion = 10.0.40219.1
Project("{FAE04EC0-301F-11D3-BF4B-00C04F79EFBC}") = "Aula4_MatrizeseVetores", "Aula4_MatrizeseVetores\Aula4_MatrizeseVetores.csproj", "{14D74B1D-72D0-4482-9221-B6BDDD2A6BDF}"
EndProject
Global
	GlobalSection(SolutionConfigurationPlatforms) = preSolution
		Debug|Any CPU = Debug|Any CPU
		Release|Any CPU = Release|Any CPU
	EndGlobalSection
	GlobalSection(ProjectConfigurationPlatforms) = postSolution
		{14D74B1D-72D0-4482-9221-B6BDDD2A6BDF}.Debug|Any CPU.ActiveCfg = Debug|Any CPU
		{14D74B1D-72D0-4482-9221-B6BDDD2A6BDF}.Debug|Any CPU.Build.0 = Debug|Any CPU
		{14D74B1D-72D0-4482-9221-B6BDDD2A6BDF}.Release|Any CPU.ActiveCfg = Release|Any CPU
		{14D74B1D-72D0-4482-9221-B6BDDD2A6BDF}.Release|Any CPU.Build.0 = Release|Any CPU
	EndGlobalSection
	GlobalSection(SolutionProperties) = preSolution
		HideSolutionNode = FALSE
	EndGlobalSection
	GlobalSection(ExtensibilityGlobals) = postSolution
		SolutionGuid = {03AAD5E6-E4D9-450D-9668-77131A1E7462}
	EndGlobalSection
EndGlobal
